
Microsoft Visual Studio Solution File, Format Version 12.00
# Visual Studio Version 17
VisualStudioVersion = 17.14.36811.4
MinimumVisualStudioVersion = 10.0.40219.1
Project("{FAE04EC0-301F-11D3-BF4B-00C04F79EFBC}") = "Volonterko", "Volonterko\Volonterko.csproj", "{27E11240-2EAA-49BF-B472-9BDFAA42DE03}"
EndProject
Global
	GlobalSection(SolutionConfigurationPlatforms) = preSolution
		Debug|Any CPU = Debug|Any CPU
		Release|Any CPU = Release|Any CPU
	EndGlobalSection
	GlobalSection(ProjectConfigurationPlatforms) = postSolution
		{27E11240-2EAA-49BF-B472-9BDFAA42DE03}.Debug|Any CPU.ActiveCfg = Debug|Any CPU
		{27E11240-2EAA-49BF-B472-9BDFAA42DE03}.Debug|Any CPU.Build.0 = Debug|Any CPU
		{27E11240-2EAA-49BF-B472-9BDFAA42DE03}.Release|Any CPU.ActiveCfg = Release|Any CPU
		{27E11240-2EAA-49BF-B472-9BDFAA42DE03}.Release|Any CPU.Build.0 = Release|Any CPU
	EndGlobalSection
	GlobalSection(SolutionProperties) = preSolution
		HideSolutionNode = FALSE
	EndGlobalSection
	GlobalSection(ExtensibilityGlobals) = postSolution
		SolutionGuid = {9B21376A-4FD6-4364-90B5-996C0E9A9386}
	EndGlobalSection
EndGlobal
